
Microsoft Visual Studio Solution File, Format Version 12.00
# Visual Studio Version 16
VisualStudioVersion = 16.0.32510.428
MinimumVisualStudioVersion = 10.0.40219.1
Project("{FAE04EC0-301F-11D3-BF4B-00C04F79EFBC}") = "rmsft.mptWrapper", "rmsft.mptWrapper\rmsft.mptWrapper.csproj", "{1CF9D89C-09A2-41CA-B55C-33CDC096F0B3}"
EndProject
Project("{FAE04EC0-301F-11D3-BF4B-00C04F79EFBC}") = "MPTester", "MPTester\MPTester.csproj", "{61836D4A-3047-499C-81A9-57BFB5916092}"
EndProject
Global
	GlobalSection(SolutionConfigurationPlatforms) = preSolution
		Debug|Any CPU = Debug|Any CPU
		Release|Any CPU = Release|Any CPU
	EndGlobalSection
	GlobalSection(ProjectConfigurationPlatforms) = postSolution
		{1CF9D89C-09A2-41CA-B55C-33CDC096F0B3}.Debug|Any CPU.ActiveCfg = Debug|Any CPU
		{1CF9D89C-09A2-41CA-B55C-33CDC096F0B3}.Debug|Any CPU.Build.0 = Debug|Any CPU
		{1CF9D89C-09A2-41CA-B55C-33CDC096F0B3}.Release|Any CPU.ActiveCfg = Release|Any CPU
		{1CF9D89C-09A2-41CA-B55C-33CDC096F0B3}.Release|Any CPU.Build.0 = Release|Any CPU
		{61836D4A-3047-499C-81A9-57BFB5916092}.Debug|Any CPU.ActiveCfg = Debug|Any CPU
		{61836D4A-3047-499C-81A9-57BFB5916092}.Debug|Any CPU.Build.0 = Debug|Any CPU
		{61836D4A-3047-499C-81A9-57BFB5916092}.Release|Any CPU.ActiveCfg = Release|Any CPU
		{61836D4A-3047-499C-81A9-57BFB5916092}.Release|Any CPU.Build.0 = Release|Any CPU
	EndGlobalSection
	GlobalSection(SolutionProperties) = preSolution
		HideSolutionNode = FALSE
	EndGlobalSection
	GlobalSection(ExtensibilityGlobals) = postSolution
		SolutionGuid = {23A4D366-B513-44DB-A40F-35FA49B36107}
	EndGlobalSection
EndGlobal
